
Microsoft Visual Studio Solution File, Format Version 12.00
# Visual Studio Version 17
VisualStudioVersion = 17.14.36705.20
MinimumVisualStudioVersion = 10.0.40219.1
Project("{FAE04EC0-301F-11D3-BF4B-00C04F79EFBC}") = "ContactCatalog88", "ContactCatalog88.csproj", "{0A068CF9-022D-4C84-925D-BA6DFD34A518}"
EndProject
Global
	GlobalSection(SolutionConfigurationPlatforms) = preSolution
		Debug|Any CPU = Debug|Any CPU
		Release|Any CPU = Release|Any CPU
	EndGlobalSection
	GlobalSection(ProjectConfigurationPlatforms) = postSolution
		{0A068CF9-022D-4C84-925D-BA6DFD34A518}.Debug|Any CPU.ActiveCfg = Debug|Any CPU
		{0A068CF9-022D-4C84-925D-BA6DFD34A518}.Debug|Any CPU.Build.0 = Debug|Any CPU
		{0A068CF9-022D-4C84-925D-BA6DFD34A518}.Release|Any CPU.ActiveCfg = Release|Any CPU
		{0A068CF9-022D-4C84-925D-BA6DFD34A518}.Release|Any CPU.Build.0 = Release|Any CPU
	EndGlobalSection
	GlobalSection(SolutionProperties) = preSolution
		HideSolutionNode = FALSE
	EndGlobalSection
	GlobalSection(ExtensibilityGlobals) = postSolution
		SolutionGuid = {398F2D9B-5F4C-4B6A-A471-DF5AC0094407}
	EndGlobalSection
EndGlobal
